
Microsoft Visual Studio Solution File, Format Version 12.00
# Visual Studio 14
VisualStudioVersion = 14.0.24720.0
MinimumVisualStudioVersion = 10.0.40219.1
Project("{FAE04EC0-301F-11D3-BF4B-00C04F79EFBC}") = "Domain", "Domain\Domain.csproj", "{2D136789-7E4E-43E1-BD09-3047E0339741}"
EndProject
Project("{FAE04EC0-301F-11D3-BF4B-00C04F79EFBC}") = "DAL", "DAL\DAL.csproj", "{EE2DEFF1-E12B-4089-886F-27BDD82F4004}"
EndProject
Project("{FAE04EC0-301F-11D3-BF4B-00C04F79EFBC}") = "Web", "Web\Web.csproj", "{3EB044EF-2A21-4E8C-8918-CC7E9A842D7E}"
EndProject
Global
	GlobalSection(SolutionConfigurationPlatforms) = preSolution
		Debug|Any CPU = Debug|Any CPU
		Release|Any CPU = Release|Any CPU
	EndGlobalSection
	GlobalSection(ProjectConfigurationPlatforms) = postSolution
		{2D136789-7E4E-43E1-BD09-3047E0339741}.Debug|Any CPU.ActiveCfg = Debug|Any CPU
		{2D136789-7E4E-43E1-BD09-3047E0339741}.Debug|Any CPU.Build.0 = Debug|Any CPU
		{2D136789-7E4E-43E1-BD09-3047E0339741}.Release|Any CPU.ActiveCfg = Release|Any CPU
		{2D136789-7E4E-43E1-BD09-3047E0339741}.Release|Any CPU.Build.0 = Release|Any CPU
		{EE2DEFF1-E12B-4089-886F-27BDD82F4004}.Debug|Any CPU.ActiveCfg = Debug|Any CPU
		{EE2DEFF1-E12B-4089-886F-27BDD82F4004}.Debug|Any CPU.Build.0 = Debug|Any CPU
		{EE2DEFF1-E12B-4089-886F-27BDD82F4004}.Release|Any CPU.ActiveCfg = Release|Any CPU
		{EE2DEFF1-E12B-4089-886F-27BDD82F4004}.Release|Any CPU.Build.0 = Release|Any CPU
		{3EB044EF-2A21-4E8C-8918-CC7E9A842D7E}.Debug|Any CPU.ActiveCfg = Debug|Any CPU
		{3EB044EF-2A21-4E8C-8918-CC7E9A842D7E}.Debug|Any CPU.Build.0 = Debug|Any CPU
		{3EB044EF-2A21-4E8C-8918-CC7E9A842D7E}.Release|Any CPU.ActiveCfg = Release|Any CPU
		{3EB044EF-2A21-4E8C-8918-CC7E9A842D7E}.Release|Any CPU.Build.0 = Release|Any CPU
	EndGlobalSection
	GlobalSection(SolutionProperties) = preSolution
		HideSolutionNode = FALSE
	EndGlobalSection
EndGlobal
